// !$*UTF8*$!
{
	archiveVersion = 1;
	classes = {
	};
	objectVersion = 56;
	objects = {

/* Begin PBXBuildFile section */
		84B3E2A22FDC08A60097F93E /* java_franca_applicationsApp.swift in Sources */ = {isa = PBXBuildFile; fileRef = 84B3E2A12FDC08A60097F93E /* java_franca_applicationsApp.swift */; };
		84B3E2A42FDC08A60097F93E /* ContentView.swift in Sources */ = {isa = PBXBuildFile; fileRef = 84B3E2A32FDC08A60097F93E /* ContentView.swift */; };
		84B3E2A62FDC08AE0097F93E /* Assets.xcassets in Resources */ = {isa = PBXBuildFile; fileRef = 84B3E2A52FDC08AE0097F93E /* Assets.xcassets */; };
		84B3E2A92FDC08AE0097F93E /* Preview Assets.xcassets in Resources */ = {isa = PBXBuildFile; fileRef = 84B3E2A82FDC08AE0097F93E /* Preview Assets.xcassets */; };
		84B3E2B02FDC19180097F93E /* FirstView.swift in Sources */ = {isa = PBXBuildFile; fileRef = 84B3E2AF2FDC19180097F93E /* FirstView.swift */; };
		84B3E2B22FDC19470097F93E /* SecondView.swift in Sources */ = {isa = PBXBuildFile; fileRef = 84B3E2B12FDC19470097F93E /* SecondView.swift */; };
		84B3E2B42FDC19640097F93E /* ThirdView.swift in Sources */ = {isa = PBXBuildFile; fileRef = 84B3E2B32FDC19640097F93E /* ThirdView.swift */; };
		84B3E2BC2FDC1ED00097F93E /* Device.swift in Sources */ = {isa = PBXBuildFile; fileRef = 84B3E2BB2FDC1ED00097F93E /* Device.swift */; };
		84B3E2BE2FDC1F140097F93E /* Painter.swift in Sources */ = {isa = PBXBuildFile; fileRef = 84B3E2BD2FDC1F140097F93E /* Painter.swift */; };
		84B3E2C02FDC1FA60097F93E /* Router.swift in Sources */ = {isa = PBXBuildFile; fileRef = 84B3E2BF2FDC1FA60097F93E /* Router.swift */; };
		84B3E2C32FDC1FF20097F93E /* Ease.swift in Sources */ = {isa = PBXBuildFile; fileRef = 84B3E2C22FDC1FF20097F93E /* Ease.swift */; };
		84B3E2C52FDC20090097F93E /* LinearEase.swift in Sources */ = {isa = PBXBuildFile; fileRef = 84B3E2C42FDC20090097F93E /* LinearEase.swift */; };
		84B3E2C72FDC203C0097F93E /* Tween.swift in Sources */ = {isa = PBXBuildFile; fileRef = 84B3E2C62FDC203C0097F93E /* Tween.swift */; };
		84B3E2CA2FDC209B0097F93E /* View.swift in Sources */ = {isa = PBXBuildFile; fileRef = 84B3E2C92FDC209B0097F93E /* View.swift */; };
		84B3E2CC2FDC20B20097F93E /* Page.swift in Sources */ = {isa = PBXBuildFile; fileRef = 84B3E2CB2FDC20B20097F93E /* Page.swift */; };
/* End PBXBuildFile section */

/* Begin PBXFileReference section */
		84B3E29E2FDC08A60097F93E /* java_franca_applications.app */ = {isa = PBXFileReference; explicitFileType = wrapper.application; includeInIndex = 0; path = java_franca_applications.app; sourceTree = BUILT_PRODUCTS_DIR; };
		84B3E2A12FDC08A60097F93E /* java_franca_applicationsApp.swift */ = {isa = PBXFileReference; lastKnownFileType = sourcecode.swift; path = java_franca_applicationsApp.swift; sourceTree = "<group>"; };
		84B3E2A32FDC08A60097F93E /* ContentView.swift */ = {isa = PBXFileReference; lastKnownFileType = sourcecode.swift; path = ContentView.swift; sourceTree = "<group>"; };
		84B3E2A52FDC08AE0097F93E /* Assets.xcassets */ = {isa = PBXFileReference; lastKnownFileType = folder.assetcatalog; path = Assets.xcassets; sourceTree = "<group>"; };
		84B3E2A82FDC08AE0097F93E /* Preview Assets.xcassets */ = {isa = PBXFileReference; lastKnownFileType = folder.assetcatalog; path = "Preview Assets.xcassets"; sourceTree = "<group>"; };
		84B3E2AF2FDC19180097F93E /* FirstView.swift */ = {isa = PBXFileReference; lastKnownFileType = sourcecode.swift; path = FirstView.swift; sourceTree = "<group>"; };
		84B3E2B12FDC19470097F93E /* SecondView.swift */ = {isa = PBXFileReference; lastKnownFileType = sourcecode.swift; path = SecondView.swift; sourceTree = "<group>"; };
		84B3E2B32FDC19640097F93E /* ThirdView.swift */ = {isa = PBXFileReference; lastKnownFileType = sourcecode.swift; path = ThirdView.swift; sourceTree = "<group>"; };
		84B3E2BB2FDC1ED00097F93E /* Device.swift */ = {isa = PBXFileReference; lastKnownFileType = sourcecode.swift; path = Device.swift; sourceTree = "<group>"; };
		84B3E2BD2FDC1F140097F93E /* Painter.swift */ = {isa = PBXFileReference; lastKnownFileType = sourcecode.swift; path = Painter.swift; sourceTree = "<group>"; };
		84B3E2BF2FDC1FA60097F93E /* Router.swift */ = {isa = PBXFileReference; lastKnownFileType = sourcecode.swift; path = Router.swift; sourceTree = "<group>"; };
		84B3E2C22FDC1FF20097F93E /* Ease.swift */ = {isa = PBXFileReference; lastKnownFileType = sourcecode.swift; path = Ease.swift; sourceTree = "<group>"; };
		84B3E2C42FDC20090097F93E /* LinearEase.swift */ = {isa = PBXFileReference; lastKnownFileType = sourcecode.swift; path = LinearEase.swift; sourceTree = "<group>"; };
		84B3E2C62FDC203C0097F93E /* Tween.swift */ = {isa = PBXFileReference; lastKnownFileType = sourcecode.swift; path = Tween.swift; sourceTree = "<group>"; };
		84B3E2C92FDC209B0097F93E /* View.swift */ = {isa = PBXFileReference; lastKnownFileType = sourcecode.swift; path = View.swift; sourceTree = "<group>"; };
		84B3E2CB2FDC20B20097F93E /* Page.swift */ = {isa = PBXFileReference; lastKnownFileType = sourcecode.swift; path = Page.swift; sourceTree = "<group>"; };
/* End PBXFileReference section */

/* Begin PBXFrameworksBuildPhase section */
		84B3E29B2FDC08A60097F93E /* Frameworks */ = {
			isa = PBXFrameworksBuildPhase;
			buildActionMask = 2147483647;
			files = (
			);
			runOnlyForDeploymentPostprocessing = 0;
		};
/* End PBXFrameworksBuildPhase section */

/* Begin PBXGroup section */
		84B3E2952FDC08A60097F93E = {
			isa = PBXGroup;
			children = (
				84B3E2A02FDC08A60097F93E /* java_franca_applications */,
				84B3E29F2FDC08A60097F93E /* Products */,
			);
			sourceTree = "<group>";
		};
		84B3E29F2FDC08A60097F93E /* Products */ = {
			isa = PBXGroup;
			children = (
				84B3E29E2FDC08A60097F93E /* java_franca_applications.app */,
			);
			name = Products;
			sourceTree = "<group>";
		};
		84B3E2A02FDC08A60097F93E /* java_franca_applications */ = {
			isa = PBXGroup;
			children = (
				84B3E2B62FDC1D080097F93E /* Platforms */,
				84B3E2B52FDC1CB60097F93E /* java_franca */,
				84B3E2A12FDC08A60097F93E /* java_franca_applicationsApp.swift */,
				84B3E2A32FDC08A60097F93E /* ContentView.swift */,
				84B3E2A52FDC08AE0097F93E /* Assets.xcassets */,
				84B3E2A72FDC08AE0097F93E /* Preview Content */,
				84B3E2AF2FDC19180097F93E /* FirstView.swift */,
				84B3E2B12FDC19470097F93E /* SecondView.swift */,
				84B3E2B32FDC19640097F93E /* ThirdView.swift */,
			);
			path = java_franca_applications;
			sourceTree = "<group>";
		};
		84B3E2A72FDC08AE0097F93E /* Preview Content */ = {
			isa = PBXGroup;
			children = (
				84B3E2A82FDC08AE0097F93E /* Preview Assets.xcassets */,
			);
			path = "Preview Content";
			sourceTree = "<group>";
		};
		84B3E2B52FDC1CB60097F93E /* java_franca */ = {
			isa = PBXGroup;
			children = (
				84B3E2B92FDC1E370097F93E /* graphics */,
			);
			path = java_franca;
			sourceTree = "<group>";
		};
		84B3E2B62FDC1D080097F93E /* Platforms */ = {
			isa = PBXGroup;
			children = (
				84B3E2B82FDC1D760097F93E /* Metal */,
				84B3E2B72FDC1D5D0097F93E /* CoreGraphics */,
			);
			path = Platforms;
			sourceTree = "<group>";
		};
		84B3E2B72FDC1D5D0097F93E /* CoreGraphics */ = {
			isa = PBXGroup;
			children = (
			);
			path = CoreGraphics;
			sourceTree = "<group>";
		};
		84B3E2B82FDC1D760097F93E /* Metal */ = {
			isa = PBXGroup;
			children = (
			);
			path = Metal;
			sourceTree = "<group>";
		};
		84B3E2B92FDC1E370097F93E /* graphics */ = {
			isa = PBXGroup;
			children = (
				84B3E2C82FDC20750097F93E /* views */,
				84B3E2C12FDC1FC80097F93E /* animations */,
				84B3E2BA2FDC1E600097F93E /* device */,
			);
			path = graphics;
			sourceTree = "<group>";
		};
		84B3E2BA2FDC1E600097F93E /* device */ = {
			isa = PBXGroup;
			children = (
				84B3E2BB2FDC1ED00097F93E /* Device.swift */,
				84B3E2BD2FDC1F140097F93E /* Painter.swift */,
				84B3E2BF2FDC1FA60097F93E /* Router.swift */,
			);
			path = device;
			sourceTree = "<group>";
		};
		84B3E2C12FDC1FC80097F93E /* animations */ = {
			isa = PBXGroup;
			children = (
				84B3E2C22FDC1FF20097F93E /* Ease.swift */,
				84B3E2C42FDC20090097F93E /* LinearEase.swift */,
				84B3E2C62FDC203C0097F93E /* Tween.swift */,
			);
			path = animations;
			sourceTree = "<group>";
		};
		84B3E2C82FDC20750097F93E /* views */ = {
			isa = PBXGroup;
			children = (
				84B3E2C92FDC209B0097F93E /* View.swift */,
				84B3E2CB2FDC20B20097F93E /* Page.swift */,
			);
			path = views;
			sourceTree = "<group>";
		};
/* End PBXGroup section */

/* Begin PBXNativeTarget section */
		84B3E29D2FDC08A60097F93E /* java_franca_applications */ = {
			isa = PBXNativeTarget;
			buildConfigurationList = 84B3E2AC2FDC08AE0097F93E /* Build configuration list for PBXNativeTarget "java_franca_applications" */;
			buildPhases = (
				84B3E29A2FDC08A60097F93E /* Sources */,
				84B3E29B2FDC08A60097F93E /* Frameworks */,
				84B3E29C2FDC08A60097F93E /* Resources */,
			);
			buildRules = (
			);
			dependencies = (
			);
			name = java_franca_applications;
			productName = java_franca_applications;
			productReference = 84B3E29E2FDC08A60097F93E /* java_franca_applications.app */;
			productType = "com.apple.product-type.application";
		};
/* End PBXNativeTarget section */

/* Begin PBXProject section */
		84B3E2962FDC08A60097F93E /* Project object */ = {
			isa = PBXProject;
			attributes = {
				BuildIndependentTargetsInParallel = 1;
				LastSwiftUpdateCheck = 1500;
				LastUpgradeCheck = 1500;
				TargetAttributes = {
					84B3E29D2FDC08A60097F93E = {
						CreatedOnToolsVersion = 15.0.1;
					};
				};
			};
			buildConfigurationList = 84B3E2992FDC08A60097F93E /* Build configuration list for PBXProject "java_franca_applications" */;
			compatibilityVersion = "Xcode 14.0";
			developmentRegion = en;
			hasScannedForEncodings = 0;
			knownRegions = (
				en,
				Base,
			);
			mainGroup = 84B3E2952FDC08A60097F93E;
			productRefGroup = 84B3E29F2FDC08A60097F93E /* Products */;
			projectDirPath = "";
			projectRoot = "";
			targets = (
				84B3E29D2FDC08A60097F93E /* java_franca_applications */,
			);
		};
/* End PBXProject section */

/* Begin PBXResourcesBuildPhase section */
		84B3E29C2FDC08A60097F93E /* Resources */ = {
			isa = PBXResourcesBuildPhase;
			buildActionMask = 2147483647;
			files = (
				84B3E2A92FDC08AE0097F93E /* Preview Assets.xcassets in Resources */,
				84B3E2A62FDC08AE0097F93E /* Assets.xcassets in Resources */,
			);
			runOnlyForDeploymentPostprocessing = 0;
		};
/* End PBXResourcesBuildPhase section */

/* Begin PBXSourcesBuildPhase section */
		84B3E29A2FDC08A60097F93E /* Sources */ = {
			isa = PBXSourcesBuildPhase;
			buildActionMask = 2147483647;
			files = (
				84B3E2C02FDC1FA60097F93E /* Router.swift in Sources */,
				84B3E2CC2FDC20B20097F93E /* Page.swift in Sources */,
				84B3E2A42FDC08A60097F93E /* ContentView.swift in Sources */,
				84B3E2C32FDC1FF20097F93E /* Ease.swift in Sources */,
				84B3E2B42FDC19640097F93E /* ThirdView.swift in Sources */,
				84B3E2B02FDC19180097F93E /* FirstView.swift in Sources */,
				84B3E2BC2FDC1ED00097F93E /* Device.swift in Sources */,
				84B3E2B22FDC19470097F93E /* SecondView.swift in Sources */,
				84B3E2BE2FDC1F140097F93E /* Painter.swift in Sources */,
				84B3E2CA2FDC209B0097F93E /* View.swift in Sources */,
				84B3E2C52FDC20090097F93E /* LinearEase.swift in Sources */,
				84B3E2C72FDC203C0097F93E /* Tween.swift in Sources */,
				84B3E2A22FDC08A60097F93E /* java_franca_applicationsApp.swift in Sources */,
			);
			runOnlyForDeploymentPostprocessing = 0;
		};
/* End PBXSourcesBuildPhase section */

/* Begin XCBuildConfiguration section */
		84B3E2AA2FDC08AE0097F93E /* Debug */ = {
			isa = XCBuildConfiguration;
			buildSettings = {
				ALWAYS_SEARCH_USER_PATHS = NO;
				ASSETCATALOG_COMPILER_GENERATE_SWIFT_ASSET_SYMBOL_EXTENSIONS = YES;
				CLANG_ANALYZER_NONNULL = YES;
				CLANG_ANALYZER_NUMBER_OBJECT_CONVERSION = YES_AGGRESSIVE;
				CLANG_CXX_LANGUAGE_STANDARD = "gnu++20";
				CLANG_ENABLE_MODULES = YES;
				CLANG_ENABLE_OBJC_ARC = YES;
				CLANG_ENABLE_OBJC_WEAK = YES;
				CLANG_WARN_BLOCK_CAPTURE_AUTORELEASING = YES;
				CLANG_WARN_BOOL_CONVERSION = YES;
				CLANG_WARN_COMMA = YES;
				CLANG_WARN_CONSTANT_CONVERSION = YES;
				CLANG_WARN_DEPRECATED_OBJC_IMPLEMENTATIONS = YES;
				CLANG_WARN_DIRECT_OBJC_ISA_USAGE = YES_ERROR;
				CLANG_WARN_DOCUMENTATION_COMMENTS = YES;
				CLANG_WARN_EMPTY_BODY = YES;
				CLANG_WARN_ENUM_CONVERSION = YES;
				CLANG_WARN_INFINITE_RECURSION = YES;
				CLANG_WARN_INT_CONVERSION = YES;
				CLANG_WARN_NON_LITERAL_NULL_CONVERSION = YES;
				CLANG_WARN_OBJC_IMPLICIT_RETAIN_SELF = YES;
				CLANG_WARN_OBJC_LITERAL_CONVERSION = YES;
				CLANG_WARN_OBJC_ROOT_CLASS = YES_ERROR;
				CLANG_WARN_QUOTED_INCLUDE_IN_FRAMEWORK_HEADER = YES;
				CLANG_WARN_RANGE_LOOP_ANALYSIS = YES;
				CLANG_WARN_STRICT_PROTOTYPES = YES;
				CLANG_WARN_SUSPICIOUS_MOVE = YES;
				CLANG_WARN_UNGUARDED_AVAILABILITY = YES_AGGRESSIVE;
				CLANG_WARN_UNREACHABLE_CODE = YES;
				CLANG_WARN__DUPLICATE_METHOD_MATCH = YES;
				COPY_PHASE_STRIP = NO;
				DEBUG_INFORMATION_FORMAT = dwarf;
				ENABLE_STRICT_OBJC_MSGSEND = YES;
				ENABLE_TESTABILITY = YES;
				ENABLE_USER_SCRIPT_SANDBOXING = YES;
				GCC_C_LANGUAGE_STANDARD = gnu17;
				GCC_DYNAMIC_NO_PIC = NO;
				GCC_NO_COMMON_BLOCKS = YES;
				GCC_OPTIMIZATION_LEVEL = 0;
				GCC_PREPROCESSOR_DEFINITIONS = (
					"DEBUG=1",
					"$(inherited)",
				);
				GCC_WARN_64_TO_32_BIT_CONVERSION = YES;
				GCC_WARN_ABOUT_RETURN_TYPE = YES_ERROR;
				GCC_WARN_UNDECLARED_SELECTOR = YES;
				GCC_WARN_UNINITIALIZED_AUTOS = YES_AGGRESSIVE;
				GCC_WARN_UNUSED_FUNCTION = YES;
				GCC_WARN_UNUSED_VARIABLE = YES;
				IPHONEOS_DEPLOYMENT_TARGET = 17.0;
				LOCALIZATION_PREFERS_STRING_CATALOGS = YES;
				MTL_ENABLE_DEBUG_INFO = INCLUDE_SOURCE;
				MTL_FAST_MATH = YES;
				ONLY_ACTIVE_ARCH = YES;
				SDKROOT = iphoneos;
				SWIFT_ACTIVE_COMPILATION_CONDITIONS = "DEBUG $(inherited)";
				SWIFT_OPTIMIZATION_LEVEL = "-Onone";
			};
			name = Debug;
		};
		84B3E2AB2FDC08AE0097F93E /* Release */ = {
			isa = XCBuildConfiguration;
			buildSettings = {
				ALWAYS_SEARCH_USER_PATHS = NO;
				ASSETCATALOG_COMPILER_GENERATE_SWIFT_ASSET_SYMBOL_EXTENSIONS = YES;
				CLANG_ANALYZER_NONNULL = YES;
				CLANG_ANALYZER_NUMBER_OBJECT_CONVERSION = YES_AGGRESSIVE;
				CLANG_CXX_LANGUAGE_STANDARD = "gnu++20";
				CLANG_ENABLE_MODULES = YES;
				CLANG_ENABLE_OBJC_ARC = YES;
				CLANG_ENABLE_OBJC_WEAK = YES;
				CLANG_WARN_BLOCK_CAPTURE_AUTORELEASING = YES;
				CLANG_WARN_BOOL_CONVERSION = YES;
				CLANG_WARN_COMMA = YES;
				CLANG_WARN_CONSTANT_CONVERSION = YES;
				CLANG_WARN_DEPRECATED_OBJC_IMPLEMENTATIONS = YES;
				CLANG_WARN_DIRECT_OBJC_ISA_USAGE = YES_ERROR;
				CLANG_WARN_DOCUMENTATION_COMMENTS = YES;
				CLANG_WARN_EMPTY_BODY = YES;
				CLANG_WARN_ENUM_CONVERSION = YES;
				CLANG_WARN_INFINITE_RECURSION = YES;
				CLANG_WARN_INT_CONVERSION = YES;
				CLANG_WARN_NON_LITERAL_NULL_CONVERSION = YES;
				CLANG_WARN_OBJC_IMPLICIT_RETAIN_SELF = YES;
				CLANG_WARN_OBJC_LITERAL_CONVERSION = YES;
				CLANG_WARN_OBJC_ROOT_CLASS = YES_ERROR;
				CLANG_WARN_QUOTED_INCLUDE_IN_FRAMEWORK_HEADER = YES;
				CLANG_WARN_RANGE_LOOP_ANALYSIS = YES;
				CLANG_WARN_STRICT_PROTOTYPES = YES;
				CLANG_WARN_SUSPICIOUS_MOVE = YES;
				CLANG_WARN_UNGUARDED_AVAILABILITY = YES_AGGRESSIVE;
				CLANG_WARN_UNREACHABLE_CODE = YES;
				CLANG_WARN__DUPLICATE_METHOD_MATCH = YES;
				COPY_PHASE_STRIP = NO;
				DEBUG_INFORMATION_FORMAT = "dwarf-with-dsym";
				ENABLE_NS_ASSERTIONS = NO;
				ENABLE_STRICT_OBJC_MSGSEND = YES;
				ENABLE_USER_SCRIPT_SANDBOXING = YES;
				GCC_C_LANGUAGE_STANDARD = gnu17;
				GCC_NO_COMMON_BLOCKS = YES;
				GCC_WARN_64_TO_32_BIT_CONVERSION = YES;
				GCC_WARN_ABOUT_RETURN_TYPE = YES_ERROR;
				GCC_WARN_UNDECLARED_SELECTOR = YES;
				GCC_WARN_UNINITIALIZED_AUTOS = YES_AGGRESSIVE;
				GCC_WARN_UNUSED_FUNCTION = YES;
				GCC_WARN_UNUSED_VARIABLE = YES;
				IPHONEOS_DEPLOYMENT_TARGET = 17.0;
				LOCALIZATION_PREFERS_STRING_CATALOGS = YES;
				MTL_ENABLE_DEBUG_INFO = NO;
				MTL_FAST_MATH = YES;
				SDKROOT = iphoneos;
				SWIFT_COMPILATION_MODE = wholemodule;
				VALIDATE_PRODUCT = YES;
			};
			name = Release;
		};
		84B3E2AD2FDC08AE0097F93E /* Debug */ = {
			isa = XCBuildConfiguration;
			buildSettings = {
				ASSETCATALOG_COMPILER_APPICON_NAME = AppIcon;
				ASSETCATALOG_COMPILER_GLOBAL_ACCENT_COLOR_NAME = AccentColor;
				CODE_SIGN_STYLE = Automatic;
				CURRENT_PROJECT_VERSION = 1;
				DEVELOPMENT_ASSET_PATHS = "\"java_franca_applications/Preview Content\"";
				DEVELOPMENT_TEAM = X34SLBP56C;
				ENABLE_PREVIEWS = YES;
				GENERATE_INFOPLIST_FILE = YES;
				INFOPLIST_KEY_UIApplicationSceneManifest_Generation = YES;
				INFOPLIST_KEY_UIApplicationSupportsIndirectInputEvents = YES;
				INFOPLIST_KEY_UILaunchScreen_Generation = YES;
				INFOPLIST_KEY_UISupportedInterfaceOrientations_iPad = "UIInterfaceOrientationPortrait UIInterfaceOrientationPortraitUpsideDown UIInterfaceOrientationLandscapeLeft UIInterfaceOrientationLandscapeRight";
				INFOPLIST_KEY_UISupportedInterfaceOrientations_iPhone = "UIInterfaceOrientationPortrait UIInterfaceOrientationLandscapeLeft UIInterfaceOrientationLandscapeRight";
				IPHONEOS_DEPLOYMENT_TARGET = 15.0;
				LD_RUNPATH_SEARCH_PATHS = (
					"$(inherited)",
					"@executable_path/Frameworks",
				);
				MARKETING_VERSION = 1.0;
				PRODUCT_BUNDLE_IDENTIFIER = "com.sergeev-i-leo.java-franca-applications";
				PRODUCT_NAME = "$(TARGET_NAME)";
				SWIFT_EMIT_LOC_STRINGS = YES;
				SWIFT_VERSION = 5.0;
				TARGETED_DEVICE_FAMILY = "1,2";
			};
			name = Debug;
		};
		84B3E2AE2FDC08AE0097F93E /* Release */ = {
			isa = XCBuildConfiguration;
			buildSettings = {
				ASSETCATALOG_COMPILER_APPICON_NAME = AppIcon;
				ASSETCATALOG_COMPILER_GLOBAL_ACCENT_COLOR_NAME = AccentColor;
				CODE_SIGN_STYLE = Automatic;
				CURRENT_PROJECT_VERSION = 1;
				DEVELOPMENT_ASSET_PATHS = "\"java_franca_applications/Preview Content\"";
				DEVELOPMENT_TEAM = X34SLBP56C;
				ENABLE_PREVIEWS = YES;
				GENERATE_INFOPLIST_FILE = YES;
				INFOPLIST_KEY_UIApplicationSceneManifest_Generation = YES;
				INFOPLIST_KEY_UIApplicationSupportsIndirectInputEvents = YES;
				INFOPLIST_KEY_UILaunchScreen_Generation = YES;
				INFOPLIST_KEY_UISupportedInterfaceOrientations_iPad = "UIInterfaceOrientationPortrait UIInterfaceOrientationPortraitUpsideDown UIInterfaceOrientationLandscapeLeft UIInterfaceOrientationLandscapeRight";
				INFOPLIST_KEY_UISupportedInterfaceOrientations_iPhone = "UIInterfaceOrientationPortrait UIInterfaceOrientationLandscapeLeft UIInterfaceOrientationLandscapeRight";
				IPHONEOS_DEPLOYMENT_TARGET = 15.0;
				LD_RUNPATH_SEARCH_PATHS = (
					"$(inherited)",
					"@executable_path/Frameworks",
				);
				MARKETING_VERSION = 1.0;
				PRODUCT_BUNDLE_IDENTIFIER = "com.sergeev-i-leo.java-franca-applications";
				PRODUCT_NAME = "$(TARGET_NAME)";
				SWIFT_EMIT_LOC_STRINGS = YES;
				SWIFT_VERSION = 5.0;
				TARGETED_DEVICE_FAMILY = "1,2";
			};
			name = Release;
		};
/* End XCBuildConfiguration section */

/* Begin XCConfigurationList section */
		84B3E2992FDC08A60097F93E /* Build configuration list for PBXProject "java_franca_applications" */ = {
			isa = XCConfigurationList;
			buildConfigurations = (
				84B3E2AA2FDC08AE0097F93E /* Debug */,
				84B3E2AB2FDC08AE0097F93E /* Release */,
			);
			defaultConfigurationIsVisible = 0;
			defaultConfigurationName = Release;
		};
		84B3E2AC2FDC08AE0097F93E /* Build configuration list for PBXNativeTarget "java_franca_applications" */ = {
			isa = XCConfigurationList;
			buildConfigurations = (
				84B3E2AD2FDC08AE0097F93E /* Debug */,
				84B3E2AE2FDC08AE0097F93E /* Release */,
			);
			defaultConfigurationIsVisible = 0;
			defaultConfigurationName = Release;
		};
/* End XCConfigurationList section */
	};
	rootObject = 84B3E2962FDC08A60097F93E /* Project object */;
}
